<?xml version="1.0" encoding="UTF-8"?>
<CONFIG>
  <ProjectOptions>
    <Version Value="10"/>
    <PathDelim Value="\"/>
    <General>
      <Flags>
        <MainUnitHasUsesSectionForAllUnits Value="False"/>
        <MainUnitHasCreateFormStatements Value="False"/>
        <MainUnitHasTitleStatement Value="False"/>
      </Flags>
      <SessionStorage Value="InProjectDir"/>
      <MainUnit Value="0"/>
      <Title Value="CREDO"/>
      <Scaled Value="True"/>
      <UseAppBundle Value="False"/>
      <ResourceType Value="res"/>
      <Icon Value="0"/>
    </General>
    <i18n>
      <EnableI18N LFM="False"/>
    </i18n>
    <BuildModes Count="1">
      <Item1 Name="Default" Default="True"/>
    </BuildModes>
    <PublishOptions>
      <Version Value="2"/>
    </PublishOptions>
    <RunParams>
      <local>
        <FormatVersion Value="1"/>
      </local>
    </RunParams>
    <RequiredPackages Count="2">
      <Item1>
        <PackageName Value="TAChartLazarusPkg"/>
      </Item1>
      <Item2>
        <PackageName Value="LCL"/>
      </Item2>
    </RequiredPackages>
    <Units Count="6">
      <Unit0>
        <Filename Value="CREDO.pas"/>
        <IsPartOfProject Value="True"/>
        <ComponentName Value="Formularz"/>
        <HasResources Value="True"/>
        <ResourceBaseClass Value="Form"/>
      </Unit0>
      <Unit1>
        <Filename Value="..\core.pas"/>
        <IsPartOfProject Value="True"/>
        <ComponentName Value="Formularz"/>
        <HasResources Value="True"/>
        <ResourceBaseClass Value="Form"/>
      </Unit1>
      <Unit2>
        <Filename Value="..\unit2.pas"/>
        <IsPartOfProject Value="True"/>
        <ComponentName Value="Form2"/>
        <HasResources Value="True"/>
        <ResourceBaseClass Value="Form"/>
        <UnitName Value="Unit2"/>
      </Unit2>
      <Unit3>
        <Filename Value="..\unit1.pas"/>
        <IsPartOfProject Value="True"/>
        <ComponentName Value="Form1"/>
        <HasResources Value="True"/>
        <ResourceBaseClass Value="Form"/>
        <UnitName Value="Unit1"/>
      </Unit3>
      <Unit4>
        <Filename Value="..\unit3.pas"/>
        <IsPartOfProject Value="True"/>
        <ComponentName Value="Form3"/>
        <HasResources Value="True"/>
        <ResourceBaseClass Value="Form"/>
        <UnitName Value="Unit3"/>
      </Unit4>
      <Unit5>
        <Filename Value="..\unit4.pas"/>
        <IsPartOfProject Value="True"/>
        <ComponentName Value="Form4"/>
        <HasResources Value="True"/>
        <ResourceBaseClass Value="Form"/>
        <UnitName Value="Unit4"/>
      </Unit5>
    </Units>
  </ProjectOptions>
  <CompilerOptions>
    <Version Value="11"/>
    <PathDelim Value="\"/>
    <Target>
      <Filename Value="CREDO" ApplyConventions="False"/>
    </Target>
    <SearchPaths>
      <IncludeFiles Value="..\..\..\..\indy9\source;$(ProjOutDir)..\..\indy9\lazarus;C:\lazarus_1.8\components\lazutils\;C:\lazarus_1.8\lcl\units\;C:\lazarus_1.8\components\lazutils\lib\i386-win32\;C:\lazarus_1.8\lcl\;$(ProjOutDir);C:\lazarus_1.8\lcl\include\"/>
      <Libraries Value="..\..\..\..\indy9\lazarus;C:\lazarus_1.8\components\lazutils\;C:\lazarus_1.8\lcl\units\;C:\lazarus_1.8\components\lazutils\lib\i386-win32\"/>
      <OtherUnitFiles Value="..\..\..\..\indy9\lazarus;C:\lazarus_1.8\components\lazutils\;C:\lazarus_1.8\lcl\units\;C:\lazarus_1.8\components\lazutils\lib\i386-win32\;C:\lazarus_1.8\lcl\;$(LazarusDir)\lcl\units\$(TargetCPU)-$(TargetOS);$(LazarusDir)\lcl\units\$(TargetCPU)-$(TargetOS)\$(LCLWidgetType);$(LazarusDir)\components\codetools\units\$(TargetCPU)-$(TargetOS);$(LazarusDir)\components\custom;$(LazarusDir)\packager\units\$(TargetCPU)-$(TargetOS);C:\lazarus_1.8\lcl\units\i386-win32\;C:\lazarus_1.8\components\synapse\source\lib\lib\i386-win32\"/>
    </SearchPaths>
    <Linking>
      <Debugging>
        <GenerateDebugInfo Value="False"/>
      </Debugging>
      <Options>
        <Win32>
          <GraphicApplication Value="True"/>
        </Win32>
      </Options>
    </Linking>
    <Other>
      <CustomOptions Value="-dBorland -dVer150 -dDelphi7 -dCompiler6_Up -dPUREPASCAL"/>
    </Other>
  </CompilerOptions>
  <Debugging>
    <Exceptions Count="3">
      <Item1>
        <Name Value="EAbort"/>
      </Item1>
      <Item2>
        <Name Value="ECodetoolError"/>
      </Item2>
      <Item3>
        <Name Value="EFOpenError"/>
      </Item3>
    </Exceptions>
  </Debugging>
</CONFIG>
